{
  "version": 1,
  "dependencies": {
    "net9.0": {
      "Meziantou.Analyzer": {
        "type": "Direct",
        "requested": "[2.0.210, )",
        "resolved": "2.0.210",
        "contentHash": "c5x1jlgL+E6HRJcQQ6zwytR71iijs3cyYSUDT/HlH7k+wr8MxkfarjbodP6RxxfC7YNgqv/J7awnnd/nq0PqjQ=="
      },
      "Microsoft.CodeAnalysis.NetAnalyzers": {
        "type": "Direct",
        "requested": "[9.0.0, )",
        "resolved": "9.0.0",
        "contentHash": "JajbvkrBgtdRghavIjcJuNHMOja4lqBmEezbhZyqWPYh2cpLhT5mPpfC7NQVDO4IehWQum9t/nwF4v+qQGtYWg=="
      },
      "Microsoft.Extensions.Http.Resilience": {
        "type": "Direct",
        "requested": "[9.7.0, )",
        "resolved": "9.7.0",
        "contentHash": "sZbOesepWGxtVJGa4lf5W0640ZHKjx3SZMatPooZFXkgLFpcECCi1kdau3HFQDcKqdka9ynfXUHdfVp3xx2i1A==",
        "dependencies": {
          "Microsoft.Extensions.Configuration.Binder": "9.0.7",
          "Microsoft.Extensions.Http.Diagnostics": "9.7.0",
          "Microsoft.Extensions.ObjectPool": "9.0.7",
          "Microsoft.Extensions.Resilience": "9.7.0"
        }
      },
      "Microsoft.Extensions.ServiceDiscovery": {
        "type": "Direct",
        "requested": "[9.4.0, )",
        "resolved": "9.4.0",
        "contentHash": "hUo/E5t1v9Pq6r1Eq1cPfDoE0TAPuCKtGr8JNOJhbzysuAl7Tun8K+d4pKe8ecYUCUKazIriYJTTWfsR73a4kg==",
        "dependencies": {
          "Microsoft.Extensions.Configuration.Abstractions": "8.0.0",
          "Microsoft.Extensions.Configuration.Binder": "8.0.2",
          "Microsoft.Extensions.DependencyInjection.Abstractions": "8.0.2",
          "Microsoft.Extensions.Features": "8.0.18",
          "Microsoft.Extensions.Http": "8.0.1",
          "Microsoft.Extensions.Logging.Abstractions": "8.0.3",
          "Microsoft.Extensions.Options": "8.0.2",
          "Microsoft.Extensions.Primitives": "8.0.0",
          "Microsoft.Extensions.ServiceDiscovery.Abstractions": "9.4.0"
        }
      },
      "Npgsql.OpenTelemetry": {
        "type": "Direct",
        "requested": "[9.0.3, )",
        "resolved": "9.0.3",
        "contentHash": "YVxm5ekM6UNbLto3ttNShOy13jffA0szhlEWSDMka7PzN+Srp2XaHmGbUb/2ulbtkXSk4CZruWwbjZxbMvw93Q==",
        "dependencies": {
          "Npgsql": "9.0.3",
          "OpenTelemetry.API": "1.7.0"
        }
      },
      "OpenTelemetry.Exporter.OpenTelemetryProtocol": {
        "type": "Direct",
        "requested": "[1.12.0, )",
        "resolved": "1.12.0",
        "contentHash": "7LzQSPhz5pNaL4xZgT3wkZODA1NLrEq3bet8KDHgtaJ9q+VNP7wmiZky8gQfMkB4FXuI/pevT8ZurL4p5997WA==",
        "dependencies": {
          "OpenTelemetry": "1.12.0"
        }
      },
      "OpenTelemetry.Extensions.Hosting": {
        "type": "Direct",
        "requested": "[1.12.0, )",
        "resolved": "1.12.0",
        "contentHash": "6/8O6rsJRwslg5/Fm3bscBelw4Yh9T9CN24p7cAsuEFkrmmeSO9gkYUCK02Qi+CmPM2KHYTLjKi0lJaCsDMWQA==",
        "dependencies": {
          "Microsoft.Extensions.Hosting.Abstractions": "9.0.0",
          "OpenTelemetry": "1.12.0"
        }
      },
      "OpenTelemetry.Instrumentation.AspNetCore": {
        "type": "Direct",
        "requested": "[1.12.0, )",
        "resolved": "1.12.0",
        "contentHash": "r+Mzggd2P4N0Y34QIO6kakVPBOKFYSHnLkTrXXM+r37ABp+iaUvVUe+u/uxszsi5f7P5mrG0uYYaJ1QGHvzo3A==",
        "dependencies": {
          "OpenTelemetry.Api.ProviderBuilderExtensions": "[1.12.0, 2.0.0)"
        }
      },
      "OpenTelemetry.Instrumentation.ElasticsearchClient": {
        "type": "Direct",
        "requested": "[1.0.0-beta.5, )",
        "resolved": "1.0.0-beta.5",
        "contentHash": "ZMvTMwEDZwRpOQLlnn/hulCxoVe9H9X8Xpbvr9pHISM0yWIy8nz7K0/wSXGgdGSRiogilg45cE7sVa8TvfOLlA==",
        "dependencies": {
          "OpenTelemetry": "[1.6.0, 2.0.0)",
          "System.Text.Json": "6.0.4"
        }
      },
      "OpenTelemetry.Instrumentation.EntityFrameworkCore": {
        "type": "Direct",
        "requested": "[1.11.0-beta.2, )",
        "resolved": "1.11.0-beta.2",
        "contentHash": "W7Pgi7ZGC8Z4QwdweHGzfdZu+RDO3ciMEBXYNc/VacuRqdxMiJPpZJSztRgIFCQvsAgZyVYCdQ2BMmKarWrSbA==",
        "dependencies": {
          "Microsoft.Extensions.Configuration": "9.0.0",
          "Microsoft.Extensions.Options": "9.0.0",
          "OpenTelemetry.Api.ProviderBuilderExtensions": "[1.11.2, 2.0.0)"
        }
      },
      "OpenTelemetry.Instrumentation.Http": {
        "type": "Direct",
        "requested": "[1.12.0, )",
        "resolved": "1.12.0",
        "contentHash": "0rW+MbHgUQAdbvBtRxPYoQBosbNdWegL7cYkRlxq+KQ/VFyU8itt4pWTccmu1/FWmTgqJyT3LaujyDZoRrm8Yg==",
        "dependencies": {
          "Microsoft.Extensions.Configuration": "9.0.0",
          "Microsoft.Extensions.Options": "9.0.0",
          "OpenTelemetry.Api.ProviderBuilderExtensions": "[1.12.0, 2.0.0)"
        }
      },
      "OpenTelemetry.Instrumentation.Runtime": {
        "type": "Direct",
        "requested": "[1.12.0, )",
        "resolved": "1.12.0",
        "contentHash": "xmd0TAm2x+T3ztdf5BolIwLPh+Uy6osaBeIQtCXv611PN7h/Pnhsjg5lU2hkAWj7M7ns74U5wtVpS8DXmJ+94w==",
        "dependencies": {
          "OpenTelemetry.Api": "[1.12.0, 2.0.0)"
        }
      },
      "Roslynator.Analyzers": {
        "type": "Direct",
        "requested": "[4.14.0, )",
        "resolved": "4.14.0",
        "contentHash": "AEWQMrb1rcmjv9FGzrwYSBb4INhDhsauS+wwTumG0wq8N1Il+CIQHqUZJ7bt0zYJEA1qXSqgpg8Fgwc88WrR/Q=="
      },
      "SonarAnalyzer.CSharp": {
        "type": "Direct",
        "requested": "[10.15.0.120848, )",
        "resolved": "10.15.0.120848",
        "contentHash": "1hM3HVRl5jdC/ZBDu+G7CCYLXRGe/QaP01Zy+c9ETPhY7lWD8g8HiefY6sGaH0T3CJ4wAy0/waGgQTh0TYy0oQ=="
      },
      "System.Text.Json": {
        "type": "Direct",
        "requested": "[9.0.8, )",
        "resolved": "9.0.8",
        "contentHash": "mIQir9jBqk0V7X0Nw5hzPJZC8DuGdf+2DS3jAVsr6rq5+/VyH5rza0XGcONJUWBrZ+G6BCwNyjWYd9lncBu48A=="
      },
      "Ardalis.Result": {
        "type": "Transitive",
        "resolved": "10.1.0",
        "contentHash": "+WgsXh+JRm0d8BZPlBUc5w0+FTda4vbWRa/IF2q4zDoRsU5BXr8w4rTbYEklZIMNgQQZTcNouR/QfBV5I/4XYQ=="
      },
      "Aspire.Azure.Storage.Blobs": {
        "type": "Transitive",
        "resolved": "9.4.2",
        "contentHash": "jnTGteDJgwwhMLOs/LHpVXtAOnUyTvYaqqzTk9SdS+ds3uv+3BR+i4QpIEUqy5cvvddrxfdDdxm3fH2LWH83HA==",
        "dependencies": {
          "AspNetCore.HealthChecks.Azure.Storage.Blobs": "9.0.0",
          "Azure.Core": "1.47.0",
          "Azure.Identity": "1.14.2",
          "Azure.Storage.Blobs": "12.24.1",
          "Microsoft.Extensions.Azure": "1.12.0",
          "Microsoft.Extensions.Configuration.Abstractions": "8.0.0",
          "Microsoft.Extensions.Configuration.Binder": "8.0.2",
          "Microsoft.Extensions.DependencyInjection.Abstractions": "8.0.2",
          "Microsoft.Extensions.Diagnostics.HealthChecks": "8.0.18",
          "Microsoft.Extensions.Hosting.Abstractions": "8.0.1",
          "Microsoft.Extensions.Logging.Abstractions": "8.0.3",
          "Microsoft.Extensions.Options": "8.0.2",
          "Microsoft.Extensions.Primitives": "8.0.0",
          "OpenTelemetry.Extensions.Hosting": "1.9.0",
          "System.IO.Hashing": "9.0.7"
        }
      },
      "AspNetCore.HealthChecks.Azure.Storage.Blobs": {
        "type": "Transitive",
        "resolved": "9.0.0",
        "contentHash": "fORaHfhyerL+7Tu4lTyj5CBHEMPYdH0LS1bm9N2Wd/K4mgd/zzg+iXLFBYTNTbF+hLYpVNZyO2Tx/wU0/s4KqQ==",
        "dependencies": {
          "Azure.Storage.Blobs": "12.19.1",
          "Microsoft.Extensions.Diagnostics.HealthChecks": "8.0.11"
        }
      },
      "Azure.Core": {
        "type": "Transitive",
        "resolved": "1.47.0",
        "contentHash": "Da6VYrs9qNylfNSURJrytAk4EzBlBv1U62JVww+62CeD+qscD0iK0j5SM1PXhxXylAhH5kx7BuR0yrtmzFmBvA==",
        "dependencies": {
          "Microsoft.Bcl.AsyncInterfaces": "8.0.0",
          "System.ClientModel": "1.5.0",
          "System.Memory.Data": "8.0.1"
        }
      },
      "Azure.Identity": {
        "type": "Transitive",
        "resolved": "1.14.2",
        "contentHash": "YhNMwOTwT+I2wIcJKSdP0ADyB2aK+JaYWZxO8LSRDm5w77LFr0ykR9xmt2ZV5T1gaI7xU6iNFIh/yW1dAlpddQ==",
        "dependencies": {
          "Azure.Core": "1.46.1",
          "Microsoft.Identity.Client": "4.73.1",
          "Microsoft.Identity.Client.Extensions.Msal": "4.73.1",
          "System.Memory": "4.5.5"
        }
      },
      "Azure.Storage.Blobs": {
        "type": "Transitive",
        "resolved": "12.24.1",
        "contentHash": "479Z9ps9yl9XyhU45bbU2CU4e2B23S6FJiSiL9LpfZHU6eNXXD9Jb6rYdwY+qqmm852RhqICXBpX3Sql4DLBew==",
        "dependencies": {
          "Azure.Storage.Common": "12.23.0"
        }
      },
      "Azure.Storage.Common": {
        "type": "Transitive",
        "resolved": "12.23.0",
        "contentHash": "X/pe1LS3lC6s6MSL7A6FzRfnB6P72rNBt5oSuyan6Q4Jxr+KiN9Ufwqo32YLHOVfPcB8ESZZ4rBDketn+J37Rw==",
        "dependencies": {
          "Azure.Core": "1.44.1",
          "System.IO.Hashing": "6.0.0"
        }
      },
      "FluentValidation": {
        "type": "Transitive",
        "resolved": "12.0.0",
        "contentHash": "8NVLxtMUXynRHJIX3Hn1ACovaqZIJASufXIIFkD0EUbcd5PmMsL1xUD5h548gCezJ5BzlITaR9CAMrGe29aWpA=="
      },
      "FluentValidation.DependencyInjectionExtensions": {
        "type": "Transitive",
        "resolved": "12.0.0",
        "contentHash": "B28fBRL1UjhGsBC8fwV6YBZosh+SiU1FxdD7l7p5dGPgRlVI7UnM+Lgzmg+unZtV1Zxzpaw96UY2MYfMaAd8cg==",
        "dependencies": {
          "FluentValidation": "12.0.0",
          "Microsoft.Extensions.Dependencyinjection.Abstractions": "2.1.0"
        }
      },
      "Microsoft.Bcl.AsyncInterfaces": {
        "type": "Transitive",
        "resolved": "8.0.0",
        "contentHash": "3WA9q9yVqJp222P3x1wYIGDAkpjAku0TMUaaQV22g6L67AI0LdOIrVS7Ht2vJfLHGSPVuqN94vIr15qn+HEkHw=="
      },
      "Microsoft.Extensions.AmbientMetadata.Application": {
        "type": "Transitive",
        "resolved": "9.7.0",
        "contentHash": "tgQEjZlMoDvy7xatRBYtVCWrnSFpQOqkfcxx4vwou0AWmjVvdNAqjXM/YYcM3Lcj8OP302xPpQ4X/aklqkfs+A==",
        "dependencies": {
          "Microsoft.Extensions.Configuration": "9.0.7",
          "Microsoft.Extensions.Hosting.Abstractions": "9.0.7",
          "Microsoft.Extensions.Options.ConfigurationExtensions": "9.0.7"
        }
      },
      "Microsoft.Extensions.Azure": {
        "type": "Transitive",
        "resolved": "1.12.0",
        "contentHash": "3sIvazPesPdEn5t2yT+pwVWKm1LyN/LB31Wh52giRNf2ckcKmaxW2KOA5uNZHSaqABhMDPAYGMeGBFQreZ7uUg==",
        "dependencies": {
          "Azure.Core": "1.46.2",
          "Azure.Identity": "1.13.1",
          "Microsoft.Extensions.Configuration": "8.0.0",
          "Microsoft.Extensions.Configuration.Abstractions": "8.0.0",
          "Microsoft.Extensions.Configuration.Binder": "8.0.2",
          "Microsoft.Extensions.DependencyInjection.Abstractions": "8.0.2",
          "Microsoft.Extensions.Logging": "8.0.1",
          "Microsoft.Extensions.Logging.Abstractions": "8.0.3",
          "Microsoft.Extensions.Options": "8.0.2"
        }
      },
      "Microsoft.Extensions.Compliance.Abstractions": {
        "type": "Transitive",
        "resolved": "9.7.0",
        "contentHash": "/oQydlBfhE83OwLXSdxoOqQaiquX+l24ptnSB8hFBw5o/BiY0Npg6DItB/87M+lBj9EAAVp3Kj9phlgVrr8P7Q==",
        "dependencies": {
          "Microsoft.Extensions.DependencyInjection.Abstractions": "9.0.7",
          "Microsoft.Extensions.ObjectPool": "9.0.7"
        }
      },
      "Microsoft.Extensions.Configuration": {
        "type": "Transitive",
        "resolved": "9.0.7",
        "contentHash": "oxGR51+w5cXm5B9gU6XwpAB2sTiyPSmZm7hjvv0rzRnmL5o/KZzE103AuQj7sK26OBupjVzU/bZxDWvvU4nhEg==",
        "dependencies": {
          "Microsoft.Extensions.Configuration.Abstractions": "9.0.7",
          "Microsoft.Extensions.Primitives": "9.0.7"
        }
      },
      "Microsoft.Extensions.Configuration.Abstractions": {
        "type": "Transitive",
        "resolved": "9.0.7",
        "contentHash": "lut/kiVvNsQ120VERMUYSFhpXPpKjjql+giy03LesASPBBcC0o6+aoFdzJH9GaYpFTQ3fGVhVjKjvJDoAW5/IQ==",
        "dependencies": {
          "Microsoft.Extensions.Primitives": "9.0.7"
        }
      },
      "Microsoft.Extensions.Configuration.Binder": {
        "type": "Transitive",
        "resolved": "9.0.7",
        "contentHash": "ExY+zXHhU4o9KC2alp3ZdLWyVWVRSn5INqax5ABk+HEOHlAHzomhJ7ek9HHliyOMiVGoYWYaMFOGr9q59mSAGA==",
        "dependencies": {
          "Microsoft.Extensions.Configuration.Abstractions": "9.0.7"
        }
      },
      "Microsoft.Extensions.DependencyInjection": {
        "type": "Transitive",
        "resolved": "9.0.7",
        "contentHash": "i05AYA91vgq0as84ROVCyltD2gnxaba/f1Qw2rG7mUsS0gv8cPTr1Gm7jPQHq7JTr4MJoQUcanLVs16tIOUJaQ==",
        "dependencies": {
          "Microsoft.Extensions.DependencyInjection.Abstractions": "9.0.7"
        }
      },
      "Microsoft.Extensions.DependencyInjection.Abstractions": {
        "type": "Transitive",
        "resolved": "9.0.7",
        "contentHash": "iPK1FxbGFr2Xb+4Y+dTYI8Gupu9pOi8I3JPuPsrogUmEhe2hzZ9LpCmolMEBhVDo2ikcSr7G5zYiwaapHSQTew=="
      },
      "Microsoft.Extensions.DependencyInjection.AutoActivation": {
        "type": "Transitive",
        "resolved": "9.7.0",
        "contentHash": "bZ1wzULmBGxtfAaYSqJE4WM62i7JXI5sXkV1J6mZ01GIzRMbvEJc81kPehz8LOD7A90qRkVT6UWBHCBxZch5Rw==",
        "dependencies": {
          "Microsoft.Extensions.Hosting.Abstractions": "9.0.7"
        }
      },
      "Microsoft.Extensions.DependencyModel": {
        "type": "Transitive",
        "resolved": "8.0.2",
        "contentHash": "mUBDZZRgZrSyFOsJ2qJJ9fXfqd/kXJwf3AiDoqLD9m6TjY5OO/vLNOb9fb4juC0487eq4hcGN/M2Rh/CKS7QYw=="
      },
      "Microsoft.Extensions.Diagnostics": {
        "type": "Transitive",
        "resolved": "9.0.7",
        "contentHash": "6ykfInm6yw7pPHJACgnrPUXxUWVslFnzad44K/siXk6Ovan6fNMnXxI5X9vphHJuZ4JbMOdPIgsfTmLD+Dyxug==",
        "dependencies": {
          "Microsoft.Extensions.Configuration": "9.0.7",
          "Microsoft.Extensions.Diagnostics.Abstractions": "9.0.7",
          "Microsoft.Extensions.Options.ConfigurationExtensions": "9.0.7"
        }
      },
      "Microsoft.Extensions.Diagnostics.Abstractions": {
        "type": "Transitive",
        "resolved": "9.0.7",
        "contentHash": "d39Ov1JpeWCGLCOTinlaDkujhrSAQ0HFxb7Su1BjhCKBfmDcQ6Ia1i3JI6kd3NFgwi1dexTunu82daDNwt7E6w==",
        "dependencies": {
          "Microsoft.Extensions.DependencyInjection.Abstractions": "9.0.7",
          "Microsoft.Extensions.Options": "9.0.7"
        }
      },
      "Microsoft.Extensions.Diagnostics.ExceptionSummarization": {
        "type": "Transitive",
        "resolved": "9.7.0",
        "contentHash": "wRdQuf/818X9ujg59fCaxMq2NGOqf8eFZJ4tBdGvwkLgv9vCwK+3blX/aNe7Ds4GHy+buB+HNMtSRv8xe9890Q==",
        "dependencies": {
          "Microsoft.Extensions.DependencyInjection.Abstractions": "9.0.7"
        }
      },
      "Microsoft.Extensions.Diagnostics.HealthChecks": {
        "type": "Transitive",
        "resolved": "8.0.18",
        "contentHash": "VTbWnxUD6FrjGI2pyqRxiITuY+CCm9KzfX5hSUBrGmHd6BZ1f0aF1TkuKkouUHhS397IHozRpMPr1NkcMjNBCA==",
        "dependencies": {
          "Microsoft.Extensions.Diagnostics.HealthChecks.Abstractions": "8.0.18",
          "Microsoft.Extensions.Hosting.Abstractions": "8.0.1",
          "Microsoft.Extensions.Logging.Abstractions": "8.0.3",
          "Microsoft.Extensions.Options": "8.0.2"
        }
      },
      "Microsoft.Extensions.Diagnostics.HealthChecks.Abstractions": {
        "type": "Transitive",
        "resolved": "8.0.18",
        "contentHash": "RiLdfGiycJwTGw5+zWLOPoS7mCmZ+tJ7GO3nlu9YrnISfL32K7+poN/ph0PayC9dI7nB4xue8jqLC0jxfwTRhQ=="
      },
      "Microsoft.Extensions.Features": {
        "type": "Transitive",
        "resolved": "8.0.18",
        "contentHash": "TflSnyz8Cc16IWNif+/sbZ5GsCcoD2od8oe6tajW75DbUtYGOsDv3tNRBV+8nRsOz/ETBuMPFAgXbllNdHFQxQ=="
      },
      "Microsoft.Extensions.FileProviders.Abstractions": {
        "type": "Transitive",
        "resolved": "9.0.7",
        "contentHash": "y9djCca1cz/oz/J8jTxtoecNiNvaiGBJeWd7XOPxonH+FnfHqcfslJMcSr5JMinmWFyS7eh3C9L6m6oURZ5lSA==",
        "dependencies": {
          "Microsoft.Extensions.Primitives": "9.0.7"
        }
      },
      "Microsoft.Extensions.Hosting.Abstractions": {
        "type": "Transitive",
        "resolved": "9.0.7",
        "contentHash": "yG2JCXAR+VqI1mKqynLPNJlNlrUJeEISEpX4UznOp2uM4IEFz3pDDauzyMvTjICutEJtOigJ1yWBvxbaIlibBw==",
        "dependencies": {
          "Microsoft.Extensions.Configuration.Abstractions": "9.0.7",
          "Microsoft.Extensions.DependencyInjection.Abstractions": "9.0.7",
          "Microsoft.Extensions.Diagnostics.Abstractions": "9.0.7",
          "Microsoft.Extensions.FileProviders.Abstractions": "9.0.7",
          "Microsoft.Extensions.Logging.Abstractions": "9.0.7"
        }
      },
      "Microsoft.Extensions.Http": {
        "type": "Transitive",
        "resolved": "9.0.7",
        "contentHash": "KV2DyFzTyZlrmKBF7IHrg+OhdetkeeByC35vVp50CZogNCbO6c4nzBcjJNnGU0S+CMcrvsN2s8OI5lHwL0wv8A==",
        "dependencies": {
          "Microsoft.Extensions.Configuration.Abstractions": "9.0.7",
          "Microsoft.Extensions.DependencyInjection.Abstractions": "9.0.7",
          "Microsoft.Extensions.Diagnostics": "9.0.7",
          "Microsoft.Extensions.Logging": "9.0.7",
          "Microsoft.Extensions.Logging.Abstractions": "9.0.7",
          "Microsoft.Extensions.Options": "9.0.7"
        }
      },
      "Microsoft.Extensions.Http.Diagnostics": {
        "type": "Transitive",
        "resolved": "9.7.0",
        "contentHash": "MBF4UMnGdGTXnWezPQqHbIEnVt3sTj/r394C+zI3ixjjbhKoe/OuiJJcYwKNGDyJPBozSYFM6kS58vvojSHv6g==",
        "dependencies": {
          "Microsoft.Extensions.DependencyInjection.AutoActivation": "9.7.0",
          "Microsoft.Extensions.Http": "9.0.7",
          "Microsoft.Extensions.Options.ConfigurationExtensions": "9.0.7",
          "Microsoft.Extensions.Telemetry": "9.7.0",
          "System.IO.Pipelines": "9.0.7"
        }
      },
      "Microsoft.Extensions.Logging": {
        "type": "Transitive",
        "resolved": "9.0.7",
        "contentHash": "fdIeQpXYV8yxSWG03cCbU2Otdrq4NWuhnQLXokWLv3L9YcK055E7u8WFJvP+uuP4CFeCEoqZQL4yPcjuXhCZrg==",
        "dependencies": {
          "Microsoft.Extensions.DependencyInjection": "9.0.7",
          "Microsoft.Extensions.Logging.Abstractions": "9.0.7",
          "Microsoft.Extensions.Options": "9.0.7"
        }
      },
      "Microsoft.Extensions.Logging.Abstractions": {
        "type": "Transitive",
        "resolved": "9.0.7",
        "contentHash": "sMM6NEAdUTE/elJ2wqjOi0iBWqZmSyaTByLF9e8XHv6DRJFFnOe0N+s8Uc6C91E4SboQCfLswaBIZ+9ZXA98AA==",
        "dependencies": {
          "Microsoft.Extensions.DependencyInjection.Abstractions": "9.0.7"
        }
      },
      "Microsoft.Extensions.Logging.Configuration": {
        "type": "Transitive",
        "resolved": "9.0.7",
        "contentHash": "AEBty9rvFGvdFRqgIDEhQmiCnIfQWyzVoOZrO244cfu+n9M+wI1QLDpuROVILlplIBtLVmOezAF7d1H3Qog6Xw==",
        "dependencies": {
          "Microsoft.Extensions.Configuration": "9.0.7",
          "Microsoft.Extensions.Configuration.Abstractions": "9.0.7",
          "Microsoft.Extensions.Configuration.Binder": "9.0.7",
          "Microsoft.Extensions.DependencyInjection.Abstractions": "9.0.7",
          "Microsoft.Extensions.Logging": "9.0.7",
          "Microsoft.Extensions.Logging.Abstractions": "9.0.7",
          "Microsoft.Extensions.Options": "9.0.7",
          "Microsoft.Extensions.Options.ConfigurationExtensions": "9.0.7"
        }
      },
      "Microsoft.Extensions.ObjectPool": {
        "type": "Transitive",
        "resolved": "9.0.7",
        "contentHash": "9S4vPGg0NNBAxAkAGiOyWMAgDCmOK8uDnFryhcahmOqyArrI0MXju60Yk+UpDwXafVmjj+U0kJXwEyXjSJ3icA=="
      },
      "Microsoft.Extensions.Options": {
        "type": "Transitive",
        "resolved": "9.0.7",
        "contentHash": "trJnF6cRWgR5uMmHpGoHmM1wOVFdIYlELlkO9zX+RfieK0321Y55zrcs4AaEymKup7dxgEN/uJU25CAcMNQRXw==",
        "dependencies": {
          "Microsoft.Extensions.DependencyInjection.Abstractions": "9.0.7",
          "Microsoft.Extensions.Primitives": "9.0.7"
        }
      },
      "Microsoft.Extensions.Options.ConfigurationExtensions": {
        "type": "Transitive",
        "resolved": "9.0.7",
        "contentHash": "pE/jeAWHEIy/8HsqYA+I1+toTsdvsv+WywAcRoNSvPoFwjOREa8Fqn7D0/i0PbiXsDLFupltTTctliePx8ib4w==",
        "dependencies": {
          "Microsoft.Extensions.Configuration.Abstractions": "9.0.7",
          "Microsoft.Extensions.Configuration.Binder": "9.0.7",
          "Microsoft.Extensions.DependencyInjection.Abstractions": "9.0.7",
          "Microsoft.Extensions.Options": "9.0.7",
          "Microsoft.Extensions.Primitives": "9.0.7"
        }
      },
      "Microsoft.Extensions.Primitives": {
        "type": "Transitive",
        "resolved": "9.0.7",
        "contentHash": "ti/zD9BuuO50IqlvhWQs9GHxkCmoph5BHjGiWKdg2t6Or8XoyAfRJiKag+uvd/fpASnNklfsB01WpZ4fhAe0VQ=="
      },
      "Microsoft.Extensions.Resilience": {
        "type": "Transitive",
        "resolved": "9.7.0",
        "contentHash": "mcmZRrM5zcFR04VxpVdf2Mwd8P6zN1EiUHGQQsNIC58URGxpv8Aj3VLKIAKv6WEZL+qpOZeyujxVHG4Qk9w8pQ==",
        "dependencies": {
          "Microsoft.Extensions.Diagnostics": "9.0.7",
          "Microsoft.Extensions.Diagnostics.ExceptionSummarization": "9.7.0",
          "Microsoft.Extensions.Options.ConfigurationExtensions": "9.0.7",
          "Microsoft.Extensions.Telemetry.Abstractions": "9.7.0",
          "Polly.Extensions": "8.4.2",
          "Polly.RateLimiting": "8.4.2"
        }
      },
      "Microsoft.Extensions.ServiceDiscovery.Abstractions": {
        "type": "Transitive",
        "resolved": "9.4.0",
        "contentHash": "Wy4igSehT66zFhwClMGsvSdbks/anJZPgE6k/V+w1rKe5gBmvlMyHHO0vCcjn1J6+LrEMxG1eBvNOyRHujc8hQ==",
        "dependencies": {
          "Microsoft.Extensions.Configuration.Abstractions": "8.0.0",
          "Microsoft.Extensions.Configuration.Binder": "8.0.2",
          "Microsoft.Extensions.DependencyInjection.Abstractions": "8.0.2",
          "Microsoft.Extensions.Features": "8.0.18",
          "Microsoft.Extensions.Logging.Abstractions": "8.0.3",
          "Microsoft.Extensions.Options": "8.0.2",
          "Microsoft.Extensions.Primitives": "8.0.0"
        }
      },
      "Microsoft.Extensions.Telemetry": {
        "type": "Transitive",
        "resolved": "9.7.0",
        "contentHash": "U5EdfHzbbqVQv1EznG54VheBY6LnU/qpyasossnOu4hSNq3yXSUJHxE6u6PLw0S8DkMPrCjWvIvdPQNumpStxw==",
        "dependencies": {
          "Microsoft.Extensions.AmbientMetadata.Application": "9.7.0",
          "Microsoft.Extensions.DependencyInjection.AutoActivation": "9.7.0",
          "Microsoft.Extensions.Logging.Configuration": "9.0.7",
          "Microsoft.Extensions.ObjectPool": "9.0.7",
          "Microsoft.Extensions.Telemetry.Abstractions": "9.7.0"
        }
      },
      "Microsoft.Extensions.Telemetry.Abstractions": {
        "type": "Transitive",
        "resolved": "9.7.0",
        "contentHash": "PgzFKLbv4ciRuRNJddHPp4UZ4Yh12WOSX2aNsVpNlSp9EsZKsSjatcx90x+xAJo8jChiPxTIkLnKWjl5fC5Lig==",
        "dependencies": {
          "Microsoft.Extensions.Compliance.Abstractions": "9.7.0",
          "Microsoft.Extensions.Logging.Abstractions": "9.0.7",
          "Microsoft.Extensions.ObjectPool": "9.0.7",
          "Microsoft.Extensions.Options": "9.0.7"
        }
      },
      "Microsoft.Identity.Client": {
        "type": "Transitive",
        "resolved": "4.73.1",
        "contentHash": "NnDLS8QwYqO5ZZecL2oioi1LUqjh5Ewk4bMLzbgiXJbQmZhDLtKwLxL3DpGMlQAJ2G4KgEnvGPKa+OOgffeJbw==",
        "dependencies": {
          "Microsoft.IdentityModel.Abstractions": "6.35.0",
          "System.Diagnostics.DiagnosticSource": "6.0.1"
        }
      },
      "Microsoft.Identity.Client.Extensions.Msal": {
        "type": "Transitive",
        "resolved": "4.73.1",
        "contentHash": "xDztAiV2F0wI0W8FLKv5cbaBefyLD6JVaAsvgSN7bjWNCzGYzHbcOEIP5s4TJXUpQzMfUyBsFl1mC6Zmgpz0PQ==",
        "dependencies": {
          "Microsoft.Identity.Client": "4.73.1",
          "System.Security.Cryptography.ProtectedData": "4.5.0"
        }
      },
      "Microsoft.IdentityModel.Abstractions": {
        "type": "Transitive",
        "resolved": "6.35.0",
        "contentHash": "xuR8E4Rd96M41CnUSCiOJ2DBh+z+zQSmyrYHdYhD6K4fXBcQGVnRCFQ0efROUYpP+p0zC1BLKr0JRpVuujTZSg=="
      },
      "Npgsql": {
        "type": "Transitive",
        "resolved": "9.0.3",
        "contentHash": "tPvY61CxOAWxNsKLEBg+oR646X4Bc8UmyQ/tJszL/7mEmIXQnnBhVJZrZEEUv0Bstu0mEsHZD5At3EO8zQRAYw==",
        "dependencies": {
          "Microsoft.Extensions.Logging.Abstractions": "8.0.2"
        }
      },
      "OpenTelemetry": {
        "type": "Transitive",
        "resolved": "1.12.0",
        "contentHash": "aIEu2O3xFOdwIVH0AJsIHPIMH1YuX18nzu7BHyaDNQ6NWSk4Zyrs9Pp6y8SATuSbvdtmvue4mj/QZ3838srbwA==",
        "dependencies": {
          "Microsoft.Extensions.Diagnostics.Abstractions": "9.0.0",
          "Microsoft.Extensions.Logging.Configuration": "9.0.0",
          "OpenTelemetry.Api.ProviderBuilderExtensions": "1.12.0"
        }
      },
      "OpenTelemetry.Api": {
        "type": "Transitive",
        "resolved": "1.12.0",
        "contentHash": "Xt0qldi+iE2szGrM3jAqzEMEJd48YBtqI6mge0+ArXTZg3aTpRmyhL6CKKl3bLioaFSSVbBpEbPin8u6Z46Yrw==",
        "dependencies": {
          "System.Diagnostics.DiagnosticSource": "9.0.0"
        }
      },
      "OpenTelemetry.Api.ProviderBuilderExtensions": {
        "type": "Transitive",
        "resolved": "1.12.0",
        "contentHash": "t6Vk1143BfiisCWYbRcyzkAuN6Aq5RkYtfOSMoqCIRMvtN9p1e1xzc0nWQ+fccNGOVgHn3aMK5xFn2+iWMcr8A==",
        "dependencies": {
          "Microsoft.Extensions.DependencyInjection.Abstractions": "9.0.0",
          "OpenTelemetry.Api": "1.12.0"
        }
      },
      "Polly.Core": {
        "type": "Transitive",
        "resolved": "8.4.2",
        "contentHash": "BpE2I6HBYYA5tF0Vn4eoQOGYTYIK1BlF5EXVgkWGn3mqUUjbXAr13J6fZVbp7Q3epRR8yshacBMlsHMhpOiV3g=="
      },
      "Polly.Extensions": {
        "type": "Transitive",
        "resolved": "8.4.2",
        "contentHash": "GZ9vRVmR0jV2JtZavt+pGUsQ1O1cuRKG7R7VOZI6ZDy9y6RNPvRvXK1tuS4ffUrv8L0FTea59oEuQzgS0R7zSA==",
        "dependencies": {
          "Microsoft.Extensions.Logging.Abstractions": "8.0.0",
          "Microsoft.Extensions.Options": "8.0.0",
          "Polly.Core": "8.4.2"
        }
      },
      "Polly.RateLimiting": {
        "type": "Transitive",
        "resolved": "8.4.2",
        "contentHash": "ehTImQ/eUyO07VYW2WvwSmU9rRH200SKJ/3jku9rOkyWE0A2JxNFmAVms8dSn49QLSjmjFRRSgfNyOgr/2PSmA==",
        "dependencies": {
          "Polly.Core": "8.4.2",
          "System.Threading.RateLimiting": "8.0.0"
        }
      },
      "Scrutor": {
        "type": "Transitive",
        "resolved": "6.1.0",
        "contentHash": "m4+0RdgnX+jeiaqteq9x5SwEtuCjWG0KTw1jBjCzn7V8mCanXKoeF8+59E0fcoRbAjdEq6YqHFCmxZ49Kvqp3g==",
        "dependencies": {
          "Microsoft.Extensions.DependencyInjection.Abstractions": "8.0.1",
          "Microsoft.Extensions.DependencyModel": "8.0.2"
        }
      },
      "System.ClientModel": {
        "type": "Transitive",
        "resolved": "1.5.0",
        "contentHash": "nyQUynSbLh8IVyETF2tN14IQwBYgif3gIBt2LAL3FSl0W5FIEJIog3sposTxdz23EqDN78LAQFpUxbaj1EsRJw==",
        "dependencies": {
          "Microsoft.Extensions.Logging.Abstractions": "8.0.3",
          "System.Memory.Data": "8.0.1"
        }
      },
      "System.Diagnostics.DiagnosticSource": {
        "type": "Transitive",
        "resolved": "9.0.0",
        "contentHash": "ddppcFpnbohLWdYKr/ZeLZHmmI+DXFgZ3Snq+/E7SwcdW4UnvxmaugkwGywvGVWkHPGCSZjCP+MLzu23AL5SDw=="
      },
      "System.IO.Hashing": {
        "type": "Transitive",
        "resolved": "9.0.7",
        "contentHash": "2sMrwd/AHYipeiOwYcoqD99c4U8F2x7GalonEYxkHUvTLNzE9Pxx2lz8ygS9cOqyDsruYARZAYL5pPVFh/s3lw=="
      },
      "System.IO.Pipelines": {
        "type": "Transitive",
        "resolved": "9.0.7",
        "contentHash": "I9KHYFNKQkufs/Ec7evpPPSu2HkuW+jNpq1kT0WOWjzuN6BjxRYy7CuWNLjQmuBzcKd9vKrHaPGcHVxSF5DadQ=="
      },
      "System.Memory": {
        "type": "Transitive",
        "resolved": "4.5.5",
        "contentHash": "XIWiDvKPXaTveaB7HVganDlOCRoj03l+jrwNvcge/t8vhGYKvqV+dMv6G4SAX2NoNmN0wZfVPTAlFwZcZvVOUw=="
      },
      "System.Memory.Data": {
        "type": "Transitive",
        "resolved": "8.0.1",
        "contentHash": "BVYuec3jV23EMRDeR7Dr1/qhx7369dZzJ9IWy2xylvb4YfXsrUxspWc4UWYid/tj4zZK58uGZqn2WQiaDMhmAg=="
      },
      "System.Security.Cryptography.ProtectedData": {
        "type": "Transitive",
        "resolved": "4.5.0",
        "contentHash": "wLBKzFnDCxP12VL9ANydSYhk59fC4cvOr9ypYQLPnAj48NQIhqnjdD2yhP8yEKyBJEjERWS9DisKL7rX5eU25Q=="
      },
      "System.Threading.RateLimiting": {
        "type": "Transitive",
        "resolved": "8.0.0",
        "contentHash": "7mu9v0QDv66ar3DpGSZHg9NuNcxDaaAcnMULuZlaTpP9+hwXhrxNGsF5GmLkSHxFdb5bBc1TzeujsRgTrPWi+Q=="
      },
      "mentorsync.sharedkernel": {
        "type": "Project",
        "dependencies": {
          "Ardalis.Result": "[10.1.0, )",
          "Aspire.Azure.Storage.Blobs": "[9.4.2, )",
          "FluentValidation": "[12.0.0, )",
          "FluentValidation.DependencyInjectionExtensions": "[12.0.0, )",
          "Scrutor": "[6.1.0, )"
        }
      }
    }
  }
}