{
  "version": 1,
  "dependencies": {
    "net9.0": {
      "Meziantou.Analyzer": {
        "type": "Direct",
        "requested": "[2.0.210, )",
        "resolved": "2.0.210",
        "contentHash": "c5x1jlgL+E6HRJcQQ6zwytR71iijs3cyYSUDT/HlH7k+wr8MxkfarjbodP6RxxfC7YNgqv/J7awnnd/nq0PqjQ=="
      },
      "Microsoft.CodeAnalysis.NetAnalyzers": {
        "type": "Direct",
        "requested": "[9.0.0, )",
        "resolved": "9.0.0",
        "contentHash": "JajbvkrBgtdRghavIjcJuNHMOja4lqBmEezbhZyqWPYh2cpLhT5mPpfC7NQVDO4IehWQum9t/nwF4v+qQGtYWg=="
      },
      "Roslynator.Analyzers": {
        "type": "Direct",
        "requested": "[4.14.0, )",
        "resolved": "4.14.0",
        "contentHash": "AEWQMrb1rcmjv9FGzrwYSBb4INhDhsauS+wwTumG0wq8N1Il+CIQHqUZJ7bt0zYJEA1qXSqgpg8Fgwc88WrR/Q=="
      },
      "SonarAnalyzer.CSharp": {
        "type": "Direct",
        "requested": "[10.15.0.120848, )",
        "resolved": "10.15.0.120848",
        "contentHash": "1hM3HVRl5jdC/ZBDu+G7CCYLXRGe/QaP01Zy+c9ETPhY7lWD8g8HiefY6sGaH0T3CJ4wAy0/waGgQTh0TYy0oQ=="
      },
      "Ardalis.Result": {
        "type": "Transitive",
        "resolved": "10.1.0",
        "contentHash": "+WgsXh+JRm0d8BZPlBUc5w0+FTda4vbWRa/IF2q4zDoRsU5BXr8w4rTbYEklZIMNgQQZTcNouR/QfBV5I/4XYQ=="
      },
      "Aspire.Azure.Storage.Blobs": {
        "type": "Transitive",
        "resolved": "9.4.0",
        "contentHash": "DRikVxIsKOPx4hhjByAVnnkANDrhsvMVrZ/QrgNAJfj8QoOZvE2sD0JeOgnN7df653sA8HWploLo1yfSpUikOA==",
        "dependencies": {
          "AspNetCore.HealthChecks.Azure.Storage.Blobs": "9.0.0",
          "Azure.Core": "1.47.0",
          "Azure.Identity": "1.14.2",
          "Azure.Storage.Blobs": "12.24.1",
          "Microsoft.Extensions.Azure": "1.12.0",
          "Microsoft.Extensions.Configuration.Abstractions": "8.0.0",
          "Microsoft.Extensions.Configuration.Binder": "8.0.2",
          "Microsoft.Extensions.DependencyInjection.Abstractions": "8.0.2",
          "Microsoft.Extensions.Diagnostics.HealthChecks": "8.0.18",
          "Microsoft.Extensions.Hosting.Abstractions": "8.0.1",
          "Microsoft.Extensions.Logging.Abstractions": "8.0.3",
          "Microsoft.Extensions.Options": "8.0.2",
          "Microsoft.Extensions.Primitives": "8.0.0",
          "OpenTelemetry.Extensions.Hosting": "1.9.0",
          "System.IO.Hashing": "9.0.7"
        }
      },
      "AspNetCore.HealthChecks.Azure.Storage.Blobs": {
        "type": "Transitive",
        "resolved": "9.0.0",
        "contentHash": "fORaHfhyerL+7Tu4lTyj5CBHEMPYdH0LS1bm9N2Wd/K4mgd/zzg+iXLFBYTNTbF+hLYpVNZyO2Tx/wU0/s4KqQ==",
        "dependencies": {
          "Azure.Storage.Blobs": "12.19.1",
          "Microsoft.Extensions.Diagnostics.HealthChecks": "8.0.11"
        }
      },
      "Azure.Core": {
        "type": "Transitive",
        "resolved": "1.47.0",
        "contentHash": "Da6VYrs9qNylfNSURJrytAk4EzBlBv1U62JVww+62CeD+qscD0iK0j5SM1PXhxXylAhH5kx7BuR0yrtmzFmBvA==",
        "dependencies": {
          "Microsoft.Bcl.AsyncInterfaces": "8.0.0",
          "System.ClientModel": "1.5.0",
          "System.Memory.Data": "8.0.1"
        }
      },
      "Azure.Identity": {
        "type": "Transitive",
        "resolved": "1.14.2",
        "contentHash": "YhNMwOTwT+I2wIcJKSdP0ADyB2aK+JaYWZxO8LSRDm5w77LFr0ykR9xmt2ZV5T1gaI7xU6iNFIh/yW1dAlpddQ==",
        "dependencies": {
          "Azure.Core": "1.46.1",
          "Microsoft.Identity.Client": "4.73.1",
          "Microsoft.Identity.Client.Extensions.Msal": "4.73.1",
          "System.Memory": "4.5.5"
        }
      },
      "Azure.Storage.Blobs": {
        "type": "Transitive",
        "resolved": "12.24.1",
        "contentHash": "479Z9ps9yl9XyhU45bbU2CU4e2B23S6FJiSiL9LpfZHU6eNXXD9Jb6rYdwY+qqmm852RhqICXBpX3Sql4DLBew==",
        "dependencies": {
          "Azure.Storage.Common": "12.23.0"
        }
      },
      "Azure.Storage.Common": {
        "type": "Transitive",
        "resolved": "12.23.0",
        "contentHash": "X/pe1LS3lC6s6MSL7A6FzRfnB6P72rNBt5oSuyan6Q4Jxr+KiN9Ufwqo32YLHOVfPcB8ESZZ4rBDketn+J37Rw==",
        "dependencies": {
          "Azure.Core": "1.44.1",
          "System.IO.Hashing": "6.0.0"
        }
      },
      "FluentValidation": {
        "type": "Transitive",
        "resolved": "12.0.0",
        "contentHash": "8NVLxtMUXynRHJIX3Hn1ACovaqZIJASufXIIFkD0EUbcd5PmMsL1xUD5h548gCezJ5BzlITaR9CAMrGe29aWpA=="
      },
      "FluentValidation.DependencyInjectionExtensions": {
        "type": "Transitive",
        "resolved": "12.0.0",
        "contentHash": "B28fBRL1UjhGsBC8fwV6YBZosh+SiU1FxdD7l7p5dGPgRlVI7UnM+Lgzmg+unZtV1Zxzpaw96UY2MYfMaAd8cg==",
        "dependencies": {
          "FluentValidation": "12.0.0",
          "Microsoft.Extensions.Dependencyinjection.Abstractions": "2.1.0"
        }
      },
      "Microsoft.Bcl.AsyncInterfaces": {
        "type": "Transitive",
        "resolved": "8.0.0",
        "contentHash": "3WA9q9yVqJp222P3x1wYIGDAkpjAku0TMUaaQV22g6L67AI0LdOIrVS7Ht2vJfLHGSPVuqN94vIr15qn+HEkHw=="
      },
      "Microsoft.Extensions.Azure": {
        "type": "Transitive",
        "resolved": "1.12.0",
        "contentHash": "3sIvazPesPdEn5t2yT+pwVWKm1LyN/LB31Wh52giRNf2ckcKmaxW2KOA5uNZHSaqABhMDPAYGMeGBFQreZ7uUg==",
        "dependencies": {
          "Azure.Core": "1.46.2",
          "Azure.Identity": "1.13.1",
          "Microsoft.Extensions.Configuration": "8.0.0",
          "Microsoft.Extensions.Configuration.Abstractions": "8.0.0",
          "Microsoft.Extensions.Configuration.Binder": "8.0.2",
          "Microsoft.Extensions.DependencyInjection.Abstractions": "8.0.2",
          "Microsoft.Extensions.Logging": "8.0.1",
          "Microsoft.Extensions.Logging.Abstractions": "8.0.3",
          "Microsoft.Extensions.Options": "8.0.2"
        }
      },
      "Microsoft.Extensions.Configuration": {
        "type": "Transitive",
        "resolved": "8.0.0",
        "contentHash": "0J/9YNXTMWSZP2p2+nvl8p71zpSwokZXZuJW+VjdErkegAnFdO1XlqtA62SJtgVYHdKu3uPxJHcMR/r35HwFBA==",
        "dependencies": {
          "Microsoft.Extensions.Configuration.Abstractions": "8.0.0",
          "Microsoft.Extensions.Primitives": "8.0.0"
        }
      },
      "Microsoft.Extensions.Configuration.Abstractions": {
        "type": "Transitive",
        "resolved": "8.0.0",
        "contentHash": "3lE/iLSutpgX1CC0NOW70FJoGARRHbyKmG7dc0klnUZ9Dd9hS6N/POPWhKhMLCEuNN5nXEY5agmlFtH562vqhQ==",
        "dependencies": {
          "Microsoft.Extensions.Primitives": "8.0.0"
        }
      },
      "Microsoft.Extensions.Configuration.Binder": {
        "type": "Transitive",
        "resolved": "8.0.2",
        "contentHash": "7IQhGK+wjyGrNsPBjJcZwWAr+Wf6D4+TwOptUt77bWtgNkiV8tDEbhFS+dDamtQFZ2X7kWG9m71iZQRj2x3zgQ==",
        "dependencies": {
          "Microsoft.Extensions.Configuration.Abstractions": "8.0.0"
        }
      },
      "Microsoft.Extensions.DependencyInjection": {
        "type": "Transitive",
        "resolved": "8.0.1",
        "contentHash": "BmANAnR5Xd4Oqw7yQ75xOAYODybZQRzdeNucg7kS5wWKd2PNnMdYtJ2Vciy0QLylRmv42DGl5+AFL9izA6F1Rw==",
        "dependencies": {
          "Microsoft.Extensions.DependencyInjection.Abstractions": "8.0.2"
        }
      },
      "Microsoft.Extensions.DependencyInjection.Abstractions": {
        "type": "Transitive",
        "resolved": "8.0.2",
        "contentHash": "3iE7UF7MQkCv1cxzCahz+Y/guQbTqieyxyaWKhrRO91itI9cOKO76OHeQDahqG4MmW5umr3CcCvGmK92lWNlbg=="
      },
      "Microsoft.Extensions.DependencyModel": {
        "type": "Transitive",
        "resolved": "8.0.2",
        "contentHash": "mUBDZZRgZrSyFOsJ2qJJ9fXfqd/kXJwf3AiDoqLD9m6TjY5OO/vLNOb9fb4juC0487eq4hcGN/M2Rh/CKS7QYw=="
      },
      "Microsoft.Extensions.Diagnostics.Abstractions": {
        "type": "Transitive",
        "resolved": "8.0.1",
        "contentHash": "elH2vmwNmsXuKmUeMQ4YW9ldXiF+gSGDgg1vORksob5POnpaI6caj1Hu8zaYbEuibhqCoWg0YRWDazBY3zjBfg==",
        "dependencies": {
          "Microsoft.Extensions.DependencyInjection.Abstractions": "8.0.2",
          "Microsoft.Extensions.Options": "8.0.2"
        }
      },
      "Microsoft.Extensions.Diagnostics.HealthChecks": {
        "type": "Transitive",
        "resolved": "8.0.18",
        "contentHash": "VTbWnxUD6FrjGI2pyqRxiITuY+CCm9KzfX5hSUBrGmHd6BZ1f0aF1TkuKkouUHhS397IHozRpMPr1NkcMjNBCA==",
        "dependencies": {
          "Microsoft.Extensions.Diagnostics.HealthChecks.Abstractions": "8.0.18",
          "Microsoft.Extensions.Hosting.Abstractions": "8.0.1",
          "Microsoft.Extensions.Logging.Abstractions": "8.0.3",
          "Microsoft.Extensions.Options": "8.0.2"
        }
      },
      "Microsoft.Extensions.Diagnostics.HealthChecks.Abstractions": {
        "type": "Transitive",
        "resolved": "8.0.18",
        "contentHash": "RiLdfGiycJwTGw5+zWLOPoS7mCmZ+tJ7GO3nlu9YrnISfL32K7+poN/ph0PayC9dI7nB4xue8jqLC0jxfwTRhQ=="
      },
      "Microsoft.Extensions.FileProviders.Abstractions": {
        "type": "Transitive",
        "resolved": "8.0.0",
        "contentHash": "ZbaMlhJlpisjuWbvXr4LdAst/1XxH3vZ6A0BsgTphZ2L4PGuxRLz7Jr/S7mkAAnOn78Vu0fKhEgNF5JO3zfjqQ==",
        "dependencies": {
          "Microsoft.Extensions.Primitives": "8.0.0"
        }
      },
      "Microsoft.Extensions.Hosting.Abstractions": {
        "type": "Transitive",
        "resolved": "8.0.1",
        "contentHash": "nHwq9aPBdBPYXPti6wYEEfgXddfBrYC+CQLn+qISiwQq5tpfaqDZSKOJNxoe9rfQxGf1c+2wC/qWFe1QYJPYqw==",
        "dependencies": {
          "Microsoft.Extensions.Configuration.Abstractions": "8.0.0",
          "Microsoft.Extensions.DependencyInjection.Abstractions": "8.0.2",
          "Microsoft.Extensions.Diagnostics.Abstractions": "8.0.1",
          "Microsoft.Extensions.FileProviders.Abstractions": "8.0.0",
          "Microsoft.Extensions.Logging.Abstractions": "8.0.2"
        }
      },
      "Microsoft.Extensions.Logging": {
        "type": "Transitive",
        "resolved": "8.0.1",
        "contentHash": "4x+pzsQEbqxhNf1QYRr5TDkLP9UsLT3A6MdRKDDEgrW7h1ljiEPgTNhKYUhNCCAaVpQECVQ+onA91PTPnIp6Lw==",
        "dependencies": {
          "Microsoft.Extensions.DependencyInjection": "8.0.1",
          "Microsoft.Extensions.Logging.Abstractions": "8.0.2",
          "Microsoft.Extensions.Options": "8.0.2"
        }
      },
      "Microsoft.Extensions.Logging.Abstractions": {
        "type": "Transitive",
        "resolved": "8.0.3",
        "contentHash": "dL0QGToTxggRLMYY4ZYX5AMwBb+byQBd/5dMiZE07Nv73o6I5Are3C7eQTh7K2+A4ct0PVISSr7TZANbiNb2yQ==",
        "dependencies": {
          "Microsoft.Extensions.DependencyInjection.Abstractions": "8.0.2"
        }
      },
      "Microsoft.Extensions.Logging.Configuration": {
        "type": "Transitive",
        "resolved": "8.0.0",
        "contentHash": "ixXXV0G/12g6MXK65TLngYN9V5hQQRuV+fZi882WIoVJT7h5JvoYoxTEwCgdqwLjSneqh1O+66gM8sMr9z/rsQ==",
        "dependencies": {
          "Microsoft.Extensions.Configuration": "8.0.0",
          "Microsoft.Extensions.Configuration.Abstractions": "8.0.0",
          "Microsoft.Extensions.Configuration.Binder": "8.0.0",
          "Microsoft.Extensions.DependencyInjection.Abstractions": "8.0.0",
          "Microsoft.Extensions.Logging": "8.0.0",
          "Microsoft.Extensions.Logging.Abstractions": "8.0.0",
          "Microsoft.Extensions.Options": "8.0.0",
          "Microsoft.Extensions.Options.ConfigurationExtensions": "8.0.0"
        }
      },
      "Microsoft.Extensions.Options": {
        "type": "Transitive",
        "resolved": "8.0.2",
        "contentHash": "dWGKvhFybsaZpGmzkGCbNNwBD1rVlWzrZKANLW/CcbFJpCEceMCGzT7zZwHOGBCbwM0SzBuceMj5HN1LKV1QqA==",
        "dependencies": {
          "Microsoft.Extensions.DependencyInjection.Abstractions": "8.0.0",
          "Microsoft.Extensions.Primitives": "8.0.0"
        }
      },
      "Microsoft.Extensions.Options.ConfigurationExtensions": {
        "type": "Transitive",
        "resolved": "8.0.0",
        "contentHash": "0f4DMRqEd50zQh+UyJc+/HiBsZ3vhAQALgdkcQEalSH1L2isdC7Yj54M3cyo5e+BeO5fcBQ7Dxly8XiBBcvRgw==",
        "dependencies": {
          "Microsoft.Extensions.Configuration.Abstractions": "8.0.0",
          "Microsoft.Extensions.Configuration.Binder": "8.0.0",
          "Microsoft.Extensions.DependencyInjection.Abstractions": "8.0.0",
          "Microsoft.Extensions.Options": "8.0.0",
          "Microsoft.Extensions.Primitives": "8.0.0"
        }
      },
      "Microsoft.Extensions.Primitives": {
        "type": "Transitive",
        "resolved": "8.0.0",
        "contentHash": "bXJEZrW9ny8vjMF1JV253WeLhpEVzFo1lyaZu1vQ4ZxWUlVvknZ/+ftFgVheLubb4eZPSwwxBeqS1JkCOjxd8g=="
      },
      "Microsoft.Identity.Client": {
        "type": "Transitive",
        "resolved": "4.73.1",
        "contentHash": "NnDLS8QwYqO5ZZecL2oioi1LUqjh5Ewk4bMLzbgiXJbQmZhDLtKwLxL3DpGMlQAJ2G4KgEnvGPKa+OOgffeJbw==",
        "dependencies": {
          "Microsoft.IdentityModel.Abstractions": "6.35.0",
          "System.Diagnostics.DiagnosticSource": "6.0.1"
        }
      },
      "Microsoft.Identity.Client.Extensions.Msal": {
        "type": "Transitive",
        "resolved": "4.73.1",
        "contentHash": "xDztAiV2F0wI0W8FLKv5cbaBefyLD6JVaAsvgSN7bjWNCzGYzHbcOEIP5s4TJXUpQzMfUyBsFl1mC6Zmgpz0PQ==",
        "dependencies": {
          "Microsoft.Identity.Client": "4.73.1",
          "System.Security.Cryptography.ProtectedData": "4.5.0"
        }
      },
      "Microsoft.IdentityModel.Abstractions": {
        "type": "Transitive",
        "resolved": "6.35.0",
        "contentHash": "xuR8E4Rd96M41CnUSCiOJ2DBh+z+zQSmyrYHdYhD6K4fXBcQGVnRCFQ0efROUYpP+p0zC1BLKr0JRpVuujTZSg=="
      },
      "OpenTelemetry": {
        "type": "Transitive",
        "resolved": "1.9.0",
        "contentHash": "7scS6BUhwYeSXEDGhCxMSezmvyCoDU5kFQbmfyW9iVvVTcWhec+1KIN33/LOCdBXRkzt2y7+g03mkdAB0XZ9Fw==",
        "dependencies": {
          "Microsoft.Extensions.Diagnostics.Abstractions": "8.0.0",
          "Microsoft.Extensions.Logging.Configuration": "8.0.0",
          "OpenTelemetry.Api.ProviderBuilderExtensions": "1.9.0"
        }
      },
      "OpenTelemetry.Api": {
        "type": "Transitive",
        "resolved": "1.9.0",
        "contentHash": "Xz8ZvM1Lm0m7BbtGBnw2JlPo++YKyMp08zMK5p0mf+cIi5jeMt2+QsYu9X6YEAbjCxBQYwEak5Z8sY6Ig2WcwQ==",
        "dependencies": {
          "System.Diagnostics.DiagnosticSource": "8.0.0"
        }
      },
      "OpenTelemetry.Api.ProviderBuilderExtensions": {
        "type": "Transitive",
        "resolved": "1.9.0",
        "contentHash": "L0D4LBR5JFmwLun5MCWVGapsJLV0ANZ+XXu9NEI3JE/HRKkRuUO+J2MuHD5DBwiU//QMYYM4B22oev1hVLoHDQ==",
        "dependencies": {
          "Microsoft.Extensions.DependencyInjection.Abstractions": "8.0.0",
          "OpenTelemetry.Api": "1.9.0"
        }
      },
      "OpenTelemetry.Extensions.Hosting": {
        "type": "Transitive",
        "resolved": "1.9.0",
        "contentHash": "QBQPrKDVCXxTBE+r8tgjmFNKKHi4sKyczmip2XGUcjy8kk3quUNhttnjiMqC4sU50Hemmn4i5752Co26pnKe3A==",
        "dependencies": {
          "Microsoft.Extensions.Hosting.Abstractions": "8.0.0",
          "OpenTelemetry": "1.9.0"
        }
      },
      "Scrutor": {
        "type": "Transitive",
        "resolved": "6.1.0",
        "contentHash": "m4+0RdgnX+jeiaqteq9x5SwEtuCjWG0KTw1jBjCzn7V8mCanXKoeF8+59E0fcoRbAjdEq6YqHFCmxZ49Kvqp3g==",
        "dependencies": {
          "Microsoft.Extensions.DependencyInjection.Abstractions": "8.0.1",
          "Microsoft.Extensions.DependencyModel": "8.0.2"
        }
      },
      "System.ClientModel": {
        "type": "Transitive",
        "resolved": "1.5.0",
        "contentHash": "nyQUynSbLh8IVyETF2tN14IQwBYgif3gIBt2LAL3FSl0W5FIEJIog3sposTxdz23EqDN78LAQFpUxbaj1EsRJw==",
        "dependencies": {
          "Microsoft.Extensions.Logging.Abstractions": "8.0.3",
          "System.Memory.Data": "8.0.1"
        }
      },
      "System.Diagnostics.DiagnosticSource": {
        "type": "Transitive",
        "resolved": "8.0.0",
        "contentHash": "c9xLpVz6PL9lp/djOWtk5KPDZq3cSYpmXoJQY524EOtuFl5z9ZtsotpsyrDW40U1DRnQSYvcPKEUV0X//u6gkQ=="
      },
      "System.IO.Hashing": {
        "type": "Transitive",
        "resolved": "9.0.7",
        "contentHash": "2sMrwd/AHYipeiOwYcoqD99c4U8F2x7GalonEYxkHUvTLNzE9Pxx2lz8ygS9cOqyDsruYARZAYL5pPVFh/s3lw=="
      },
      "System.Memory": {
        "type": "Transitive",
        "resolved": "4.5.5",
        "contentHash": "XIWiDvKPXaTveaB7HVganDlOCRoj03l+jrwNvcge/t8vhGYKvqV+dMv6G4SAX2NoNmN0wZfVPTAlFwZcZvVOUw=="
      },
      "System.Memory.Data": {
        "type": "Transitive",
        "resolved": "8.0.1",
        "contentHash": "BVYuec3jV23EMRDeR7Dr1/qhx7369dZzJ9IWy2xylvb4YfXsrUxspWc4UWYid/tj4zZK58uGZqn2WQiaDMhmAg=="
      },
      "System.Security.Cryptography.ProtectedData": {
        "type": "Transitive",
        "resolved": "4.5.0",
        "contentHash": "wLBKzFnDCxP12VL9ANydSYhk59fC4cvOr9ypYQLPnAj48NQIhqnjdD2yhP8yEKyBJEjERWS9DisKL7rX5eU25Q=="
      },
      "mentorsync.sharedkernel": {
        "type": "Project",
        "dependencies": {
          "Ardalis.Result": "[10.1.0, )",
          "Aspire.Azure.Storage.Blobs": "[9.4.0, )",
          "FluentValidation": "[12.0.0, )",
          "FluentValidation.DependencyInjectionExtensions": "[12.0.0, )",
          "Scrutor": "[6.1.0, )"
        }
      }
    }
  }
}